
Microsoft Visual Studio Solution File, Format Version 12.00
# Visual Studio 15
VisualStudioVersion = 15.0.28010.0
MinimumVisualStudioVersion = 10.0.40219.1
Project("{FAE04EC0-301F-11D3-BF4B-00C04F79EFBC}") = "TShirtCannon", "TShirtCannon\TShirtCannon.csproj", "{ACEF3002-88D6-45F9-ADE1-69F1D2AA3222}"
EndProject
Global
	GlobalSection(SolutionConfigurationPlatforms) = preSolution
		Debug|Any CPU = Debug|Any CPU
		Release|Any CPU = Release|Any CPU
	EndGlobalSection
	GlobalSection(ProjectConfigurationPlatforms) = postSolution
		{ACEF3002-88D6-45F9-ADE1-69F1D2AA3222}.Debug|Any CPU.ActiveCfg = Debug|Any CPU
		{ACEF3002-88D6-45F9-ADE1-69F1D2AA3222}.Debug|Any CPU.Build.0 = Debug|Any CPU
		{ACEF3002-88D6-45F9-ADE1-69F1D2AA3222}.Debug|Any CPU.Deploy.0 = Debug|Any CPU
		{ACEF3002-88D6-45F9-ADE1-69F1D2AA3222}.Release|Any CPU.ActiveCfg = Release|Any CPU
		{ACEF3002-88D6-45F9-ADE1-69F1D2AA3222}.Release|Any CPU.Build.0 = Release|Any CPU
		{ACEF3002-88D6-45F9-ADE1-69F1D2AA3222}.Release|Any CPU.Deploy.0 = Release|Any CPU
	EndGlobalSection
	GlobalSection(SolutionProperties) = preSolution
		HideSolutionNode = FALSE
	EndGlobalSection
	GlobalSection(ExtensibilityGlobals) = postSolution
		SolutionGuid = {8F749647-1CC4-4DA2-B1B8-8D0DD549277B}
	EndGlobalSection
EndGlobal
